
Microsoft Visual Studio Solution File, Format Version 12.00
# Visual Studio 14
VisualStudioVersion = 14.0.25420.1
MinimumVisualStudioVersion = 10.0.40219.1
Project("{FAE04EC0-301F-11D3-BF4B-00C04F79EFBC}") = "FabWrapper", "FabWrapper.csproj", "{7CE29ADB-BDDC-4EBD-9BA4-2313375031DF}"
EndProject
Global
	GlobalSection(SolutionConfigurationPlatforms) = preSolution
		Debug|Any CPU = Debug|Any CPU
		Release|Any CPU = Release|Any CPU
		2019|Any CPU = 2019|Any CPU
		2020|Any CPU = 2020|Any CPU
		2021|Any CPU = 2021|Any CPU
		2022|Any CPU = 2022|Any CPU
		2023|Any CPU = 2023|Any CPU
		2024|Any CPU = 2024|Any CPU
		2025|Any CPU = 2025|Any CPU
		2026|Any CPU = 2026|Any CPU
		2027|Any CPU = 2027|Any CPU
		2028|Any CPU = 2028|Any CPU
		2029|Any CPU = 2029|Any CPU
	EndGlobalSection
	GlobalSection(ProjectConfigurationPlatforms) = postSolution
		{7CE29ADB-BDDC-4EBD-9BA4-2313375031DF}.Debug|Any CPU.ActiveCfg = Debug|Any CPU
		{7CE29ADB-BDDC-4EBD-9BA4-2313375031DF}.Debug|Any CPU.Build.0 = Debug|Any CPU
		{7CE29ADB-BDDC-4EBD-9BA4-2313375031DF}.Release|Any CPU.ActiveCfg = Release|Any CPU
		{7CE29ADB-BDDC-4EBD-9BA4-2313375031DF}.Release|Any CPU.Build.0 = Release|Any CPU
		{7CE29ADB-BDDC-4EBD-9BA4-2313375031DF}.2019|Any CPU.ActiveCfg = 2019|Any CPU
		{7CE29ADB-BDDC-4EBD-9BA4-2313375031DF}.2019|Any CPU.Build.0 = 2019|Any CPU
		{7CE29ADB-BDDC-4EBD-9BA4-2313375031DF}.2020|Any CPU.ActiveCfg = 2020|Any CPU
		{7CE29ADB-BDDC-4EBD-9BA4-2313375031DF}.2020|Any CPU.Build.0 = 2020|Any CPU
		{7CE29ADB-BDDC-4EBD-9BA4-2313375031DF}.2021|Any CPU.ActiveCfg = 2021|Any CPU
		{7CE29ADB-BDDC-4EBD-9BA4-2313375031DF}.2021|Any CPU.Build.0 = 2021|Any CPU
		{7CE29ADB-BDDC-4EBD-9BA4-2313375031DF}.2022|Any CPU.ActiveCfg = 2022|Any CPU
		{7CE29ADB-BDDC-4EBD-9BA4-2313375031DF}.2022|Any CPU.Build.0 = 2022|Any CPU
		{7CE29ADB-BDDC-4EBD-9BA4-2313375031DF}.2023|Any CPU.ActiveCfg = 2023|Any CPU
		{7CE29ADB-BDDC-4EBD-9BA4-2313375031DF}.2023|Any CPU.Build.0 = 2023|Any CPU
		{7CE29ADB-BDDC-4EBD-9BA4-2313375031DF}.2024|Any CPU.ActiveCfg = 2024|Any CPU
		{7CE29ADB-BDDC-4EBD-9BA4-2313375031DF}.2024|Any CPU.Build.0 = 2024|Any CPU
		{7CE29ADB-BDDC-4EBD-9BA4-2313375031DF}.2025|Any CPU.ActiveCfg = 2025|Any CPU
		{7CE29ADB-BDDC-4EBD-9BA4-2313375031DF}.2025|Any CPU.Build.0 = 2025|Any CPU
		{7CE29ADB-BDDC-4EBD-9BA4-2313375031DF}.2026|Any CPU.ActiveCfg = 2026|Any CPU
		{7CE29ADB-BDDC-4EBD-9BA4-2313375031DF}.2026|Any CPU.Build.0 = 2026|Any CPU
		{7CE29ADB-BDDC-4EBD-9BA4-2313375031DF}.2027|Any CPU.ActiveCfg = 2027|Any CPU
		{7CE29ADB-BDDC-4EBD-9BA4-2313375031DF}.2027|Any CPU.Build.0 = 2027|Any CPU
		{7CE29ADB-BDDC-4EBD-9BA4-2313375031DF}.2028|Any CPU.ActiveCfg = 2028|Any CPU
		{7CE29ADB-BDDC-4EBD-9BA4-2313375031DF}.2028|Any CPU.Build.0 = 2028|Any CPU
		{7CE29ADB-BDDC-4EBD-9BA4-2313375031DF}.2029|Any CPU.ActiveCfg = 2029|Any CPU
		{7CE29ADB-BDDC-4EBD-9BA4-2313375031DF}.2029|Any CPU.Build.0 = 2029|Any CPU
	EndGlobalSection
	GlobalSection(SolutionProperties) = preSolution
		HideSolutionNode = FALSE
	EndGlobalSection
EndGlobal
